# This file is automatically @generated by Poetry 2.0.1 and should not be changed by hand.

[[package]]
name = "pytubefix"
version = "8.11.0"
description = "Python3 library for downloading YouTube Videos."
optional = false
python-versions = ">=3.7"
groups = ["main"]
files = [
    {file = "pytubefix-8.11.0-py3-none-any.whl", hash = "sha256:36971d3a1e31d5357731a7b5ff179a46830fb978bbb6093e79096c1b99edd4f7"},
    {file = "pytubefix-8.11.0.tar.gz", hash = "sha256:3f7d47ba0e666a8bc8c11b9515cae764ca59d513b3a2f2de6eca4243428559d5"},
]

[metadata]
lock-version = "2.1"
python-versions = ">=3.11"
content-hash = "04c3a054fb493d90f9f9bba80ee7848ebdd279bb7c588eaa46b2dfae97f7bece"
